// !$*UTF8*$!
{
	archiveVersion = 1;
	classes = {
	};
	objectVersion = 46;
	objects = {

/* Begin PBXBuildFile section */
		182BF4E91CDC86A0009EB2AF /* AppDelegate.swift in Sources */ = {isa = PBXBuildFile; fileRef = 182BF4E81CDC86A0009EB2AF /* AppDelegate.swift */; };
		182BF4EB1CDC86A0009EB2AF /* ViewController.swift in Sources */ = {isa = PBXBuildFile; fileRef = 182BF4EA1CDC86A0009EB2AF /* ViewController.swift */; };
		182BF4EE1CDC86A0009EB2AF /* Main.storyboard in Resources */ = {isa = PBXBuildFile; fileRef = 182BF4EC1CDC86A0009EB2AF /* Main.storyboard */; };
		182BF4F11CDC86A0009EB2AF /* CondoDefect.xcdatamodeld in Sources */ = {isa = PBXBuildFile; fileRef = 182BF4EF1CDC86A0009EB2AF /* CondoDefect.xcdatamodeld */; };
		182BF4F31CDC86A0009EB2AF /* Assets.xcassets in Resources */ = {isa = PBXBuildFile; fileRef = 182BF4F21CDC86A0009EB2AF /* Assets.xcassets */; };
		182BF4F61CDC86A0009EB2AF /* LaunchScreen.storyboard in Resources */ = {isa = PBXBuildFile; fileRef = 182BF4F41CDC86A0009EB2AF /* LaunchScreen.storyboard */; };
/* End PBXBuildFile section */

/* Begin PBXFileReference section */
		182BF4E51CDC86A0009EB2AF /* CondoDefect.app */ = {isa = PBXFileReference; explicitFileType = wrapper.application; includeInIndex = 0; path = CondoDefect.app; sourceTree = BUILT_PRODUCTS_DIR; };
		182BF4E81CDC86A0009EB2AF /* AppDelegate.swift */ = {isa = PBXFileReference; lastKnownFileType = sourcecode.swift; path = AppDelegate.swift; sourceTree = "<group>"; };
		182BF4EA1CDC86A0009EB2AF /* ViewController.swift */ = {isa = PBXFileReference; lastKnownFileType = sourcecode.swift; path = ViewController.swift; sourceTree = "<group>"; };
		182BF4ED1CDC86A0009EB2AF /* Base */ = {isa = PBXFileReference; lastKnownFileType = file.storyboard; name = Base; path = Base.lproj/Main.storyboard; sourceTree = "<group>"; };
		182BF4F01CDC86A0009EB2AF /* CondoDefect.xcdatamodel */ = {isa = PBXFileReference; lastKnownFileType = wrapper.xcdatamodel; path = CondoDefect.xcdatamodel; sourceTree = "<group>"; };
		182BF4F21CDC86A0009EB2AF /* Assets.xcassets */ = {isa = PBXFileReference; lastKnownFileType = folder.assetcatalog; path = Assets.xcassets; sourceTree = "<group>"; };
		182BF4F51CDC86A0009EB2AF /* Base */ = {isa = PBXFileReference; lastKnownFileType = file.storyboard; name = Base; path = Base.lproj/LaunchScreen.storyboard; sourceTree = "<group>"; };
		182BF4F71CDC86A0009EB2AF /* Info.plist */ = {isa = PBXFileReference; lastKnownFileType = text.plist.xml; path = Info.plist; sourceTree = "<group>"; };
/* End PBXFileReference section */

/* Begin PBXFrameworksBuildPhase section */
		182BF4E21CDC86A0009EB2AF /* Frameworks */ = {
			isa = PBXFrameworksBuildPhase;
			buildActionMask = 2147483647;
			files = (
			);
			runOnlyForDeploymentPostprocessing = 0;
		};
/* End PBXFrameworksBuildPhase section */

/* Begin PBXGroup section */
		182BF4DC1CDC86A0009EB2AF = {
			isa = PBXGroup;
			children = (
				182BF4E71CDC86A0009EB2AF /* CondoDefect */,
				182BF4E61CDC86A0009EB2AF /* Products */,
			);
			sourceTree = "<group>";
		};
		182BF4E61CDC86A0009EB2AF /* Products */ = {
			isa = PBXGroup;
			children = (
				182BF4E51CDC86A0009EB2AF /* CondoDefect.app */,
			);
			name = Products;
			sourceTree = "<group>";
		};
		182BF4E71CDC86A0009EB2AF /* CondoDefect */ = {
			isa = PBXGroup;
			children = (
				182BF4E81CDC86A0009EB2AF /* AppDelegate.swift */,
				182BF4EA1CDC86A0009EB2AF /* ViewController.swift */,
				182BF4EC1CDC86A0009EB2AF /* Main.storyboard */,
				182BF4F21CDC86A0009EB2AF /* Assets.xcassets */,
				182BF4F41CDC86A0009EB2AF /* LaunchScreen.storyboard */,
				182BF4F71CDC86A0009EB2AF /* Info.plist */,
				182BF4EF1CDC86A0009EB2AF /* CondoDefect.xcdatamodeld */,
			);
			path = CondoDefect;
			sourceTree = "<group>";
		};
/* End PBXGroup section */

/* Begin PBXNativeTarget section */
		182BF4E41CDC86A0009EB2AF /* CondoDefect */ = {
			isa = PBXNativeTarget;
			buildConfigurationList = 182BF4FA1CDC86A0009EB2AF /* Build configuration list for PBXNativeTarget "CondoDefect" */;
			buildPhases = (
				182BF4E11CDC86A0009EB2AF /* Sources */,
				182BF4E21CDC86A0009EB2AF /* Frameworks */,
				182BF4E31CDC86A0009EB2AF /* Resources */,
			);
			buildRules = (
			);
			dependencies = (
			);
			name = CondoDefect;
			productName = CondoDefect;
			productReference = 182BF4E51CDC86A0009EB2AF /* CondoDefect.app */;
			productType = "com.apple.product-type.application";
		};
/* End PBXNativeTarget section */

/* Begin PBXProject section */
		182BF4DD1CDC86A0009EB2AF /* Project object */ = {
			isa = PBXProject;
			attributes = {
				LastSwiftUpdateCheck = 0720;
				LastUpgradeCheck = 0720;
				ORGANIZATIONNAME = Nuizoro;
				TargetAttributes = {
					182BF4E41CDC86A0009EB2AF = {
						CreatedOnToolsVersion = 7.2.1;
					};
				};
			};
			buildConfigurationList = 182BF4E01CDC86A0009EB2AF /* Build configuration list for PBXProject "CondoDefect" */;
			compatibilityVersion = "Xcode 3.2";
			developmentRegion = English;
			hasScannedForEncodings = 0;
			knownRegions = (
				en,
				Base,
			);
			mainGroup = 182BF4DC1CDC86A0009EB2AF;
			productRefGroup = 182BF4E61CDC86A0009EB2AF /* Products */;
			projectDirPath = "";
			projectRoot = "";
			targets = (
				182BF4E41CDC86A0009EB2AF /* CondoDefect */,
			);
		};
/* End PBXProject section */

/* Begin PBXResourcesBuildPhase section */
		182BF4E31CDC86A0009EB2AF /* Resources */ = {
			isa = PBXResourcesBuildPhase;
			buildActionMask = 2147483647;
			files = (
				182BF4F61CDC86A0009EB2AF /* LaunchScreen.storyboard in Resources */,
				182BF4F31CDC86A0009EB2AF /* Assets.xcassets in Resources */,
				182BF4EE1CDC86A0009EB2AF /* Main.storyboard in Resources */,
			);
			runOnlyForDeploymentPostprocessing = 0;
		};
/* End PBXResourcesBuildPhase section */

/* Begin PBXSourcesBuildPhase section */
		182BF4E11CDC86A0009EB2AF /* Sources */ = {
			isa = PBXSourcesBuildPhase;
			buildActionMask = 2147483647;
			files = (
				182BF4EB1CDC86A0009EB2AF /* ViewController.swift in Sources */,
				182BF4F11CDC86A0009EB2AF /* CondoDefect.xcdatamodeld in Sources */,
				182BF4E91CDC86A0009EB2AF /* AppDelegate.swift in Sources */,
			);
			runOnlyForDeploymentPostprocessing = 0;
		};
/* End PBXSourcesBuildPhase section */

/* Begin PBXVariantGroup section */
		182BF4EC1CDC86A0009EB2AF /* Main.storyboard */ = {
			isa = PBXVariantGroup;
			children = (
				182BF4ED1CDC86A0009EB2AF /* Base */,
			);
			name = Main.storyboard;
			sourceTree = "<group>";
		};
		182BF4F41CDC86A0009EB2AF /* LaunchScreen.storyboard */ = {
			isa = PBXVariantGroup;
			children = (
				182BF4F51CDC86A0009EB2AF /* Base */,
			);
			name = LaunchScreen.storyboard;
			sourceTree = "<group>";
		};
/* End PBXVariantGroup section */

/* Begin XCBuildConfiguration section */
		182BF4F81CDC86A0009EB2AF /* Debug */ = {
			isa = XCBuildConfiguration;
			buildSettings = {
				ALWAYS_SEARCH_USER_PATHS = NO;
				CLANG_CXX_LANGUAGE_STANDARD = "gnu++0x";
				CLANG_CXX_LIBRARY = "libc++";
				CLANG_ENABLE_MODULES = YES;
				CLANG_ENABLE_OBJC_ARC = YES;
				CLANG_WARN_BOOL_CONVERSION = YES;
				CLANG_WARN_CONSTANT_CONVERSION = YES;
				CLANG_WARN_DIRECT_OBJC_ISA_USAGE = YES_ERROR;
				CLANG_WARN_EMPTY_BODY = YES;
				CLANG_WARN_ENUM_CONVERSION = YES;
				CLANG_WARN_INT_CONVERSION = YES;
				CLANG_WARN_OBJC_ROOT_CLASS = YES_ERROR;
				CLANG_WARN_UNREACHABLE_CODE = YES;
				CLANG_WARN__DUPLICATE_METHOD_MATCH = YES;
				"CODE_SIGN_IDENTITY[sdk=iphoneos*]" = "iPhone Developer";
				COPY_PHASE_STRIP = NO;
				DEBUG_INFORMATION_FORMAT = dwarf;
				ENABLE_STRICT_OBJC_MSGSEND = YES;
				ENABLE_TESTABILITY = YES;
				GCC_C_LANGUAGE_STANDARD = gnu99;
				GCC_DYNAMIC_NO_PIC = NO;
				GCC_NO_COMMON_BLOCKS = YES;
				GCC_OPTIMIZATION_LEVEL = 0;
				GCC_PREPROCESSOR_DEFINITIONS = (
					"DEBUG=1",
					"$(inherited)",
				);
				GCC_WARN_64_TO_32_BIT_CONVERSION = YES;
				GCC_WARN_ABOUT_RETURN_TYPE = YES_ERROR;
				GCC_WARN_UNDECLARED_SELECTOR = YES;
				GCC_WARN_UNINITIALIZED_AUTOS = YES_AGGRESSIVE;
				GCC_WARN_UNUSED_FUNCTION = YES;
				GCC_WARN_UNUSED_VARIABLE = YES;
				IPHONEOS_DEPLOYMENT_TARGET = 9.2;
				MTL_ENABLE_DEBUG_INFO = YES;
				ONLY_ACTIVE_ARCH = YES;
				SDKROOT = iphoneos;
				SWIFT_OPTIMIZATION_LEVEL = "-Onone";
				TARGETED_DEVICE_FAMILY = 2;
			};
			name = Debug;
		};
		182BF4F91CDC86A0009EB2AF /* Release */ = {
			isa = XCBuildConfiguration;
			buildSettings = {
				ALWAYS_SEARCH_USER_PATHS = NO;
				CLANG_CXX_LANGUAGE_STANDARD = "gnu++0x";
				CLANG_CXX_LIBRARY = "libc++";
				CLANG_ENABLE_MODULES = YES;
				CLANG_ENABLE_OBJC_ARC = YES;
				CLANG_WARN_BOOL_CONVERSION = YES;
				CLANG_WARN_CONSTANT_CONVERSION = YES;
				CLANG_WARN_DIRECT_OBJC_ISA_USAGE = YES_ERROR;
				CLANG_WARN_EMPTY_BODY = YES;
				CLANG_WARN_ENUM_CONVERSION = YES;
				CLANG_WARN_INT_CONVERSION = YES;
				CLANG_WARN_OBJC_ROOT_CLASS = YES_ERROR;
				CLANG_WARN_UNREACHABLE_CODE = YES;
				CLANG_WARN__DUPLICATE_METHOD_MATCH = YES;
				"CODE_SIGN_IDENTITY[sdk=iphoneos*]" = "iPhone Developer";
				COPY_PHASE_STRIP = NO;
				DEBUG_INFORMATION_FORMAT = "dwarf-with-dsym";
				ENABLE_NS_ASSERTIONS = NO;
				ENABLE_STRICT_OBJC_MSGSEND = YES;
				GCC_C_LANGUAGE_STANDARD = gnu99;
				GCC_NO_COMMON_BLOCKS = YES;
				GCC_WARN_64_TO_32_BIT_CONVERSION = YES;
				GCC_WARN_ABOUT_RETURN_TYPE = YES_ERROR;
				GCC_WARN_UNDECLARED_SELECTOR = YES;
				GCC_WARN_UNINITIALIZED_AUTOS = YES_AGGRESSIVE;
				GCC_WARN_UNUSED_FUNCTION = YES;
				GCC_WARN_UNUSED_VARIABLE = YES;
				IPHONEOS_DEPLOYMENT_TARGET = 9.2;
				MTL_ENABLE_DEBUG_INFO = NO;
				SDKROOT = iphoneos;
				TARGETED_DEVICE_FAMILY = 2;
				VALIDATE_PRODUCT = YES;
			};
			name = Release;
		};
		182BF4FB1CDC86A0009EB2AF /* Debug */ = {
			isa = XCBuildConfiguration;
			buildSettings = {
				ASSETCATALOG_COMPILER_APPICON_NAME = AppIcon;
				INFOPLIST_FILE = CondoDefect/Info.plist;
				LD_RUNPATH_SEARCH_PATHS = "$(inherited) @executable_path/Frameworks";
				PRODUCT_BUNDLE_IDENTIFIER = Nuizoro.CondoDefect;
				PRODUCT_NAME = "$(TARGET_NAME)";
			};
			name = Debug;
		};
		182BF4FC1CDC86A0009EB2AF /* Release */ = {
			isa = XCBuildConfiguration;
			buildSettings = {
				ASSETCATALOG_COMPILER_APPICON_NAME = AppIcon;
				INFOPLIST_FILE = CondoDefect/Info.plist;
				LD_RUNPATH_SEARCH_PATHS = "$(inherited) @executable_path/Frameworks";
				PRODUCT_BUNDLE_IDENTIFIER = Nuizoro.CondoDefect;
				PRODUCT_NAME = "$(TARGET_NAME)";
			};
			name = Release;
		};
/* End XCBuildConfiguration section */

/* Begin XCConfigurationList section */
		182BF4E01CDC86A0009EB2AF /* Build configuration list for PBXProject "CondoDefect" */ = {
			isa = XCConfigurationList;
			buildConfigurations = (
				182BF4F81CDC86A0009EB2AF /* Debug */,
				182BF4F91CDC86A0009EB2AF /* Release */,
			);
			defaultConfigurationIsVisible = 0;
			defaultConfigurationName = Release;
		};
		182BF4FA1CDC86A0009EB2AF /* Build configuration list for PBXNativeTarget "CondoDefect" */ = {
			isa = XCConfigurationList;
			buildConfigurations = (
				182BF4FB1CDC86A0009EB2AF /* Debug */,
				182BF4FC1CDC86A0009EB2AF /* Release */,
			);
			defaultConfigurationIsVisible = 0;
		};
/* End XCConfigurationList section */

/* Begin XCVersionGroup section */
		182BF4EF1CDC86A0009EB2AF /* CondoDefect.xcdatamodeld */ = {
			isa = XCVersionGroup;
			children = (
				182BF4F01CDC86A0009EB2AF /* CondoDefect.xcdatamodel */,
			);
			currentVersion = 182BF4F01CDC86A0009EB2AF /* CondoDefect.xcdatamodel */;
			path = CondoDefect.xcdatamodeld;
			sourceTree = "<group>";
			versionGroupType = wrapper.xcdatamodel;
		};
/* End XCVersionGroup section */
	};
	rootObject = 182BF4DD1CDC86A0009EB2AF /* Project object */;
}
